
Microsoft Visual Studio Solution File, Format Version 12.00
# Visual Studio 2012
Project("{FAE04EC0-301F-11D3-BF4B-00C04F79EFBC}") = "ClassLibrary", "ClassLibrary\ClassLibrary.csproj", "{149F4716-F8C9-4DA0-823D-B05096C0DB65}"
EndProject
Project("{FAE04EC0-301F-11D3-BF4B-00C04F79EFBC}") = "Test Project", "TestyJednostkowe\Test Project.csproj", "{9C1FC321-1115-4986-8E0B-B9098363E292}"
EndProject
Global
	GlobalSection(SolutionConfigurationPlatforms) = preSolution
		Debug|Any CPU = Debug|Any CPU
		Release|Any CPU = Release|Any CPU
	EndGlobalSection
	GlobalSection(ProjectConfigurationPlatforms) = postSolution
		{149F4716-F8C9-4DA0-823D-B05096C0DB65}.Debug|Any CPU.ActiveCfg = Debug|Any CPU
		{149F4716-F8C9-4DA0-823D-B05096C0DB65}.Debug|Any CPU.Build.0 = Debug|Any CPU
		{149F4716-F8C9-4DA0-823D-B05096C0DB65}.Release|Any CPU.ActiveCfg = Release|Any CPU
		{149F4716-F8C9-4DA0-823D-B05096C0DB65}.Release|Any CPU.Build.0 = Release|Any CPU
		{9C1FC321-1115-4986-8E0B-B9098363E292}.Debug|Any CPU.ActiveCfg = Debug|Any CPU
		{9C1FC321-1115-4986-8E0B-B9098363E292}.Debug|Any CPU.Build.0 = Debug|Any CPU
		{9C1FC321-1115-4986-8E0B-B9098363E292}.Release|Any CPU.ActiveCfg = Release|Any CPU
		{9C1FC321-1115-4986-8E0B-B9098363E292}.Release|Any CPU.Build.0 = Release|Any CPU
	EndGlobalSection
	GlobalSection(SolutionProperties) = preSolution
		HideSolutionNode = FALSE
	EndGlobalSection
EndGlobal
